
Microsoft Visual Studio Solution File, Format Version 12.00
# Visual Studio Version 16
VisualStudioVersion = 16.0.30611.23
MinimumVisualStudioVersion = 10.0.40219.1
Project("{FAE04EC0-301F-11D3-BF4B-00C04F79EFBC}") = "Assignment.Main.UI", "Assignment.Main.UI\Assignment.Main.UI.csproj", "{09A36A05-6C37-4778-8770-C2537F346E18}"
EndProject
Project("{FAE04EC0-301F-11D3-BF4B-00C04F79EFBC}") = "Assignment.Base", "Assignment.Base\Assignment.Base.csproj", "{FA0588EA-1EB1-41FE-9ECA-530481B56895}"
EndProject
Project("{FAE04EC0-301F-11D3-BF4B-00C04F79EFBC}") = "Assignment.Vehicle", "Assignment.Vehicle\Assignment.Vehicle.csproj", "{343B2258-D78F-45E7-A212-7471CF9EF103}"
EndProject
Global
	GlobalSection(SolutionConfigurationPlatforms) = preSolution
		Debug|Any CPU = Debug|Any CPU
		Release|Any CPU = Release|Any CPU
	EndGlobalSection
	GlobalSection(ProjectConfigurationPlatforms) = postSolution
		{09A36A05-6C37-4778-8770-C2537F346E18}.Debug|Any CPU.ActiveCfg = Debug|Any CPU
		{09A36A05-6C37-4778-8770-C2537F346E18}.Debug|Any CPU.Build.0 = Debug|Any CPU
		{09A36A05-6C37-4778-8770-C2537F346E18}.Release|Any CPU.ActiveCfg = Release|Any CPU
		{09A36A05-6C37-4778-8770-C2537F346E18}.Release|Any CPU.Build.0 = Release|Any CPU
		{FA0588EA-1EB1-41FE-9ECA-530481B56895}.Debug|Any CPU.ActiveCfg = Debug|Any CPU
		{FA0588EA-1EB1-41FE-9ECA-530481B56895}.Debug|Any CPU.Build.0 = Debug|Any CPU
		{FA0588EA-1EB1-41FE-9ECA-530481B56895}.Release|Any CPU.ActiveCfg = Release|Any CPU
		{FA0588EA-1EB1-41FE-9ECA-530481B56895}.Release|Any CPU.Build.0 = Release|Any CPU
		{343B2258-D78F-45E7-A212-7471CF9EF103}.Debug|Any CPU.ActiveCfg = Debug|Any CPU
		{343B2258-D78F-45E7-A212-7471CF9EF103}.Debug|Any CPU.Build.0 = Debug|Any CPU
		{343B2258-D78F-45E7-A212-7471CF9EF103}.Release|Any CPU.ActiveCfg = Release|Any CPU
		{343B2258-D78F-45E7-A212-7471CF9EF103}.Release|Any CPU.Build.0 = Release|Any CPU
	EndGlobalSection
	GlobalSection(SolutionProperties) = preSolution
		HideSolutionNode = FALSE
	EndGlobalSection
	GlobalSection(ExtensibilityGlobals) = postSolution
		SolutionGuid = {5494600C-155E-436F-A532-4FEDFC2FBF88}
	EndGlobalSection
EndGlobal
